
Microsoft Visual Studio Solution File, Format Version 12.00
# Visual Studio Version 17
VisualStudioVersion = 17.0.32014.148
MinimumVisualStudioVersion = 10.0.40219.1
Project("{FAE04EC0-301F-11D3-BF4B-00C04F79EFBC}") = "AlgorithmsExercises.Solutions", "AlgorithmsExercises.Solutions\AlgorithmsExercises.Solutions.csproj", "{66723F56-58EB-4359-B774-A93FF8697DF3}"
EndProject
Global
	GlobalSection(SolutionConfigurationPlatforms) = preSolution
		Debug|Any CPU = Debug|Any CPU
		Release|Any CPU = Release|Any CPU
	EndGlobalSection
	GlobalSection(ProjectConfigurationPlatforms) = postSolution
		{66723F56-58EB-4359-B774-A93FF8697DF3}.Debug|Any CPU.ActiveCfg = Debug|Any CPU
		{66723F56-58EB-4359-B774-A93FF8697DF3}.Debug|Any CPU.Build.0 = Debug|Any CPU
		{66723F56-58EB-4359-B774-A93FF8697DF3}.Release|Any CPU.ActiveCfg = Release|Any CPU
		{66723F56-58EB-4359-B774-A93FF8697DF3}.Release|Any CPU.Build.0 = Release|Any CPU
	EndGlobalSection
	GlobalSection(SolutionProperties) = preSolution
		HideSolutionNode = FALSE
	EndGlobalSection
	GlobalSection(ExtensibilityGlobals) = postSolution
		SolutionGuid = {00DA0BDA-CA29-46A4-93EB-0A042922FB13}
	EndGlobalSection
EndGlobal
